NeoBundleLock jellybeans.vim ef83bf4dc8b3eacffc97bf5c96ab2581b415c9fa
NeoBundleLock molokai c67bdfcdb31415aa0ade7f8c003261700a885476
NeoBundleLock mustang-vim 6533d7d21bf27cae94d9c2caa575f627f003dfd5
NeoBundleLock neosnippet.vim ed80ae8cee732d52eb841d509a95aca9c27ece7a
NeoBundleLock unite.vim e1d3bb9f836a8645807b790345b69666bf22bb2f
NeoBundleLock vim-colors-solarized 528a59f26d12278698bb946f8fb82a63711eec21
NeoBundleLock vim-go 043984a5117262c74f8b9c85f1e15dc1a7e51872
NeoBundleLock vim-quickrun 09953abf07a4428dbec36c0747a4043ca9644da4
NeoBundleLock vimfiler edbb2f2e6baa66c51f73a82afa2bb740415a64ea
NeoBundleLock winresizer e914728083536102c81281a2b2d0b81eec1e6bfb
